// !$*UTF8*$!
{
	archiveVersion = 1;
	classes = {
	};
	objectVersion = 55;
	objects = {

/* Begin PBXBuildFile section */
		57F718B2ED2C45CBEE9083B3 /* Pods_Instagram.framework in Frameworks */ = {isa = PBXBuildFile; fileRef = 07E57BDF2D196635B8F58D93 /* Pods_Instagram.framework */; };
		67625580F8AD72D5DBCA31D7 /* Pods_InstagramTests.framework in Frameworks */ = {isa = PBXBuildFile; fileRef = 437D685BEBEA29FADB4A3684 /* Pods_InstagramTests.framework */; };
		D8A9E2F5286A4ED1000ACF9A /* AppDelegate.m in Sources */ = {isa = PBXBuildFile; fileRef = D8A9E2F4286A4ED1000ACF9A /* AppDelegate.m */; };
		D8A9E2F8286A4ED1000ACF9A /* SceneDelegate.m in Sources */ = {isa = PBXBuildFile; fileRef = D8A9E2F7286A4ED1000ACF9A /* SceneDelegate.m */; };
		D8A9E2FE286A4ED1000ACF9A /* Main.storyboard in Resources */ = {isa = PBXBuildFile; fileRef = D8A9E2FC286A4ED1000ACF9A /* Main.storyboard */; };
		D8A9E300286A4ED2000ACF9A /* Assets.xcassets in Resources */ = {isa = PBXBuildFile; fileRef = D8A9E2FF286A4ED2000ACF9A /* Assets.xcassets */; };
		D8A9E303286A4ED2000ACF9A /* LaunchScreen.storyboard in Resources */ = {isa = PBXBuildFile; fileRef = D8A9E301286A4ED2000ACF9A /* LaunchScreen.storyboard */; };
		D8A9E306286A4ED2000ACF9A /* main.m in Sources */ = {isa = PBXBuildFile; fileRef = D8A9E305286A4ED2000ACF9A /* main.m */; };
		D8A9E310286A4ED2000ACF9A /* InstagramTests.m in Sources */ = {isa = PBXBuildFile; fileRef = D8A9E30F286A4ED2000ACF9A /* InstagramTests.m */; };
		D8A9E31A286A4ED2000ACF9A /* InstagramUITests.m in Sources */ = {isa = PBXBuildFile; fileRef = D8A9E319286A4ED2000ACF9A /* InstagramUITests.m */; };
		D8A9E31C286A4ED2000ACF9A /* InstagramUITestsLaunchTests.m in Sources */ = {isa = PBXBuildFile; fileRef = D8A9E31B286A4ED2000ACF9A /* InstagramUITestsLaunchTests.m */; };
		D8A9E329286A5096000ACF9A /* Keys.plist in Resources */ = {isa = PBXBuildFile; fileRef = D8A9E328286A5096000ACF9A /* Keys.plist */; };
		D8A9E331286A5DE8000ACF9A /* LoginViewController.m in Sources */ = {isa = PBXBuildFile; fileRef = D8A9E330286A5DE8000ACF9A /* LoginViewController.m */; };
		FBEA6830CA78053B3D652375 /* Pods_Instagram_InstagramUITests.framework in Frameworks */ = {isa = PBXBuildFile; fileRef = 7DF3F8FC365796DE2A5C3755 /* Pods_Instagram_InstagramUITests.framework */; };
/* End PBXBuildFile section */

/* Begin PBXContainerItemProxy section */
		D8A9E30C286A4ED2000ACF9A /* PBXContainerItemProxy */ = {
			isa = PBXContainerItemProxy;
			containerPortal = D8A9E2E8286A4ED1000ACF9A /* Project object */;
			proxyType = 1;
			remoteGlobalIDString = D8A9E2EF286A4ED1000ACF9A;
			remoteInfo = Instagram;
		};
		D8A9E316286A4ED2000ACF9A /* PBXContainerItemProxy */ = {
			isa = PBXContainerItemProxy;
			containerPortal = D8A9E2E8286A4ED1000ACF9A /* Project object */;
			proxyType = 1;
			remoteGlobalIDString = D8A9E2EF286A4ED1000ACF9A;
			remoteInfo = Instagram;
		};
/* End PBXContainerItemProxy section */

/* Begin PBXFileReference section */
		056B69160F014A2E4AD7F74D /* Pods-Instagram-InstagramUITests.release.xcconfig */ = {isa = PBXFileReference; includeInIndex = 1; lastKnownFileType = text.xcconfig; name = "Pods-Instagram-InstagramUITests.release.xcconfig"; path = "Target Support Files/Pods-Instagram-InstagramUITests/Pods-Instagram-InstagramUITests.release.xcconfig"; sourceTree = "<group>"; };
		07E57BDF2D196635B8F58D93 /* Pods_Instagram.framework */ = {isa = PBXFileReference; explicitFileType = wrapper.framework; includeInIndex = 0; path = Pods_Instagram.framework; sourceTree = BUILT_PRODUCTS_DIR; };
		437D685BEBEA29FADB4A3684 /* Pods_InstagramTests.framework */ = {isa = PBXFileReference; explicitFileType = wrapper.framework; includeInIndex = 0; path = Pods_InstagramTests.framework; sourceTree = BUILT_PRODUCTS_DIR; };
		7DF3F8FC365796DE2A5C3755 /* Pods_Instagram_InstagramUITests.framework */ = {isa = PBXFileReference; explicitFileType = wrapper.framework; includeInIndex = 0; path = Pods_Instagram_InstagramUITests.framework; sourceTree = BUILT_PRODUCTS_DIR; };
		96FCFC19AF03078BA8E3AB64 /* Pods-Instagram.debug.xcconfig */ = {isa = PBXFileReference; includeInIndex = 1; lastKnownFileType = text.xcconfig; name = "Pods-Instagram.debug.xcconfig"; path = "Target Support Files/Pods-Instagram/Pods-Instagram.debug.xcconfig"; sourceTree = "<group>"; };
		D8A9E2F0286A4ED1000ACF9A /* Instagram.app */ = {isa = PBXFileReference; explicitFileType = wrapper.application; includeInIndex = 0; path = Instagram.app; sourceTree = BUILT_PRODUCTS_DIR; };
		D8A9E2F3286A4ED1000ACF9A /* AppDelegate.h */ = {isa = PBXFileReference; lastKnownFileType = sourcecode.c.h; path = AppDelegate.h; sourceTree = "<group>"; };
		D8A9E2F4286A4ED1000ACF9A /* AppDelegate.m */ = {isa = PBXFileReference; lastKnownFileType = sourcecode.c.objc; path = AppDelegate.m; sourceTree = "<group>"; };
		D8A9E2F6286A4ED1000ACF9A /* SceneDelegate.h */ = {isa = PBXFileReference; lastKnownFileType = sourcecode.c.h; path = SceneDelegate.h; sourceTree = "<group>"; };
		D8A9E2F7286A4ED1000ACF9A /* SceneDelegate.m */ = {isa = PBXFileReference; lastKnownFileType = sourcecode.c.objc; path = SceneDelegate.m; sourceTree = "<group>"; };
		D8A9E2FD286A4ED1000ACF9A /* Base */ = {isa = PBXFileReference; lastKnownFileType = file.storyboard; name = Base; path = Base.lproj/Main.storyboard; sourceTree = "<group>"; };
		D8A9E2FF286A4ED2000ACF9A /* Assets.xcassets */ = {isa = PBXFileReference; lastKnownFileType = folder.assetcatalog; path = Assets.xcassets; sourceTree = "<group>"; };
		D8A9E302286A4ED2000ACF9A /* Base */ = {isa = PBXFileReference; lastKnownFileType = file.storyboard; name = Base; path = Base.lproj/LaunchScreen.storyboard; sourceTree = "<group>"; };
		D8A9E304286A4ED2000ACF9A /* Info.plist */ = {isa = PBXFileReference; lastKnownFileType = text.plist.xml; path = Info.plist; sourceTree = "<group>"; };
		D8A9E305286A4ED2000ACF9A /* main.m */ = {isa = PBXFileReference; lastKnownFileType = sourcecode.c.objc; path = main.m; sourceTree = "<group>"; };
		D8A9E30B286A4ED2000ACF9A /* InstagramTests.xctest */ = {isa = PBXFileReference; explicitFileType = wrapper.cfbundle; includeInIndex = 0; path = InstagramTests.xctest; sourceTree = BUILT_PRODUCTS_DIR; };
		D8A9E30F286A4ED2000ACF9A /* InstagramTests.m */ = {isa = PBXFileReference; lastKnownFileType = sourcecode.c.objc; path = InstagramTests.m; sourceTree = "<group>"; };
		D8A9E315286A4ED2000ACF9A /* InstagramUITests.xctest */ = {isa = PBXFileReference; explicitFileType = wrapper.cfbundle; includeInIndex = 0; path = InstagramUITests.xctest; sourceTree = BUILT_PRODUCTS_DIR; };
		D8A9E319286A4ED2000ACF9A /* InstagramUITests.m */ = {isa = PBXFileReference; lastKnownFileType = sourcecode.c.objc; path = InstagramUITests.m; sourceTree = "<group>"; };
		D8A9E31B286A4ED2000ACF9A /* InstagramUITestsLaunchTests.m */ = {isa = PBXFileReference; lastKnownFileType = sourcecode.c.objc; path = InstagramUITestsLaunchTests.m; sourceTree = "<group>"; };
		D8A9E328286A5096000ACF9A /* Keys.plist */ = {isa = PBXFileReference; lastKnownFileType = text.plist.xml; path = Keys.plist; sourceTree = "<group>"; };
		D8A9E32F286A5DE8000ACF9A /* LoginViewController.h */ = {isa = PBXFileReference; lastKnownFileType = sourcecode.c.h; path = LoginViewController.h; sourceTree = "<group>"; };
		D8A9E330286A5DE8000ACF9A /* LoginViewController.m */ = {isa = PBXFileReference; lastKnownFileType = sourcecode.c.objc; path = LoginViewController.m; sourceTree = "<group>"; };
		DBB548DD3A51620FBC2F5D22 /* Pods-Instagram.release.xcconfig */ = {isa = PBXFileReference; includeInIndex = 1; lastKnownFileType = text.xcconfig; name = "Pods-Instagram.release.xcconfig"; path = "Target Support Files/Pods-Instagram/Pods-Instagram.release.xcconfig"; sourceTree = "<group>"; };
		E480D1C7E256CF4F608326DD /* Pods-Instagram-InstagramUITests.debug.xcconfig */ = {isa = PBXFileReference; includeInIndex = 1; lastKnownFileType = text.xcconfig; name = "Pods-Instagram-InstagramUITests.debug.xcconfig"; path = "Target Support Files/Pods-Instagram-InstagramUITests/Pods-Instagram-InstagramUITests.debug.xcconfig"; sourceTree = "<group>"; };
		EC9B88EFAFF40D795EEA63BA /* Pods-InstagramTests.debug.xcconfig */ = {isa = PBXFileReference; includeInIndex = 1; lastKnownFileType = text.xcconfig; name = "Pods-InstagramTests.debug.xcconfig"; path = "Target Support Files/Pods-InstagramTests/Pods-InstagramTests.debug.xcconfig"; sourceTree = "<group>"; };
		F51C8B67D45436A43C86E3C5 /* Pods-InstagramTests.release.xcconfig */ = {isa = PBXFileReference; includeInIndex = 1; lastKnownFileType = text.xcconfig; name = "Pods-InstagramTests.release.xcconfig"; path = "Target Support Files/Pods-InstagramTests/Pods-InstagramTests.release.xcconfig"; sourceTree = "<group>"; };
/* End PBXFileReference section */

/* Begin PBXFrameworksBuildPhase section */
		D8A9E2ED286A4ED1000ACF9A /* Frameworks */ = {
			isa = PBXFrameworksBuildPhase;
			buildActionMask = 2147483647;
			files = (
				57F718B2ED2C45CBEE9083B3 /* Pods_Instagram.framework in Frameworks */,
			);
			runOnlyForDeploymentPostprocessing = 0;
		};
		D8A9E308286A4ED2000ACF9A /* Frameworks */ = {
			isa = PBXFrameworksBuildPhase;
			buildActionMask = 2147483647;
			files = (
				67625580F8AD72D5DBCA31D7 /* Pods_InstagramTests.framework in Frameworks */,
			);
			runOnlyForDeploymentPostprocessing = 0;
		};
		D8A9E312286A4ED2000ACF9A /* Frameworks */ = {
			isa = PBXFrameworksBuildPhase;
			buildActionMask = 2147483647;
			files = (
				FBEA6830CA78053B3D652375 /* Pods_Instagram_InstagramUITests.framework in Frameworks */,
			);
			runOnlyForDeploymentPostprocessing = 0;
		};
/* End PBXFrameworksBuildPhase section */

/* Begin PBXGroup section */
		B65BE2C215F033B29A9BEAAD /* Pods */ = {
			isa = PBXGroup;
			children = (
				96FCFC19AF03078BA8E3AB64 /* Pods-Instagram.debug.xcconfig */,
				DBB548DD3A51620FBC2F5D22 /* Pods-Instagram.release.xcconfig */,
				E480D1C7E256CF4F608326DD /* Pods-Instagram-InstagramUITests.debug.xcconfig */,
				056B69160F014A2E4AD7F74D /* Pods-Instagram-InstagramUITests.release.xcconfig */,
				EC9B88EFAFF40D795EEA63BA /* Pods-InstagramTests.debug.xcconfig */,
				F51C8B67D45436A43C86E3C5 /* Pods-InstagramTests.release.xcconfig */,
			);
			path = Pods;
			sourceTree = "<group>";
		};
		D8A9E2E7286A4ED1000ACF9A = {
			isa = PBXGroup;
			children = (
				D8A9E2F2286A4ED1000ACF9A /* Instagram */,
				D8A9E30E286A4ED2000ACF9A /* InstagramTests */,
				D8A9E318286A4ED2000ACF9A /* InstagramUITests */,
				D8A9E2F1286A4ED1000ACF9A /* Products */,
				B65BE2C215F033B29A9BEAAD /* Pods */,
				DB94582BBAABCBE02BE85224 /* Frameworks */,
			);
			sourceTree = "<group>";
		};
		D8A9E2F1286A4ED1000ACF9A /* Products */ = {
			isa = PBXGroup;
			children = (
				D8A9E2F0286A4ED1000ACF9A /* Instagram.app */,
				D8A9E30B286A4ED2000ACF9A /* InstagramTests.xctest */,
				D8A9E315286A4ED2000ACF9A /* InstagramUITests.xctest */,
			);
			name = Products;
			sourceTree = "<group>";
		};
		D8A9E2F2286A4ED1000ACF9A /* Instagram */ = {
			isa = PBXGroup;
			children = (
				D8A9E32E286A5DD1000ACF9A /* View Controllers */,
				D8A9E2F3286A4ED1000ACF9A /* AppDelegate.h */,
				D8A9E2F4286A4ED1000ACF9A /* AppDelegate.m */,
				D8A9E2F6286A4ED1000ACF9A /* SceneDelegate.h */,
				D8A9E2F7286A4ED1000ACF9A /* SceneDelegate.m */,
				D8A9E2FC286A4ED1000ACF9A /* Main.storyboard */,
				D8A9E2FF286A4ED2000ACF9A /* Assets.xcassets */,
				D8A9E301286A4ED2000ACF9A /* LaunchScreen.storyboard */,
				D8A9E304286A4ED2000ACF9A /* Info.plist */,
				D8A9E305286A4ED2000ACF9A /* main.m */,
				D8A9E328286A5096000ACF9A /* Keys.plist */,
			);
			path = Instagram;
			sourceTree = "<group>";
		};
		D8A9E30E286A4ED2000ACF9A /* InstagramTests */ = {
			isa = PBXGroup;
			children = (
				D8A9E30F286A4ED2000ACF9A /* InstagramTests.m */,
			);
			path = InstagramTests;
			sourceTree = "<group>";
		};
		D8A9E318286A4ED2000ACF9A /* InstagramUITests */ = {
			isa = PBXGroup;
			children = (
				D8A9E319286A4ED2000ACF9A /* InstagramUITests.m */,
				D8A9E31B286A4ED2000ACF9A /* InstagramUITestsLaunchTests.m */,
			);
			path = InstagramUITests;
			sourceTree = "<group>";
		};
		D8A9E32E286A5DD1000ACF9A /* View Controllers */ = {
			isa = PBXGroup;
			children = (
				D8A9E32F286A5DE8000ACF9A /* LoginViewController.h */,
				D8A9E330286A5DE8000ACF9A /* LoginViewController.m */,
			);
			name = "View Controllers";
			sourceTree = "<group>";
		};
		DB94582BBAABCBE02BE85224 /* Frameworks */ = {
			isa = PBXGroup;
			children = (
				07E57BDF2D196635B8F58D93 /* Pods_Instagram.framework */,
				7DF3F8FC365796DE2A5C3755 /* Pods_Instagram_InstagramUITests.framework */,
				437D685BEBEA29FADB4A3684 /* Pods_InstagramTests.framework */,
			);
			name = Frameworks;
			sourceTree = "<group>";
		};
/* End PBXGroup section */

/* Begin PBXNativeTarget section */
		D8A9E2EF286A4ED1000ACF9A /* Instagram */ = {
			isa = PBXNativeTarget;
			buildConfigurationList = D8A9E31F286A4ED2000ACF9A /* Build configuration list for PBXNativeTarget "Instagram" */;
			buildPhases = (
				44CA93C8A1A221576215920F /* [CP] Check Pods Manifest.lock */,
				D8A9E2EC286A4ED1000ACF9A /* Sources */,
				D8A9E2ED286A4ED1000ACF9A /* Frameworks */,
				D8A9E2EE286A4ED1000ACF9A /* Resources */,
				357640A4AF33B7E80E46DF1A /* [CP] Embed Pods Frameworks */,
			);
			buildRules = (
			);
			dependencies = (
			);
			name = Instagram;
			productName = Instagram;
			productReference = D8A9E2F0286A4ED1000ACF9A /* Instagram.app */;
			productType = "com.apple.product-type.application";
		};
		D8A9E30A286A4ED2000ACF9A /* InstagramTests */ = {
			isa = PBXNativeTarget;
			buildConfigurationList = D8A9E322286A4ED2000ACF9A /* Build configuration list for PBXNativeTarget "InstagramTests" */;
			buildPhases = (
				64B4D6974D9248E403756F8E /* [CP] Check Pods Manifest.lock */,
				D8A9E307286A4ED2000ACF9A /* Sources */,
				D8A9E308286A4ED2000ACF9A /* Frameworks */,
				D8A9E309286A4ED2000ACF9A /* Resources */,
			);
			buildRules = (
			);
			dependencies = (
				D8A9E30D286A4ED2000ACF9A /* PBXTargetDependency */,
			);
			name = InstagramTests;
			productName = InstagramTests;
			productReference = D8A9E30B286A4ED2000ACF9A /* InstagramTests.xctest */;
			productType = "com.apple.product-type.bundle.unit-test";
		};
		D8A9E314286A4ED2000ACF9A /* InstagramUITests */ = {
			isa = PBXNativeTarget;
			buildConfigurationList = D8A9E325286A4ED2000ACF9A /* Build configuration list for PBXNativeTarget "InstagramUITests" */;
			buildPhases = (
				EBB542DBAC9120D2FF333710 /* [CP] Check Pods Manifest.lock */,
				D8A9E311286A4ED2000ACF9A /* Sources */,
				D8A9E312286A4ED2000ACF9A /* Frameworks */,
				D8A9E313286A4ED2000ACF9A /* Resources */,
				C1D34ECB8E0AF659431E5806 /* [CP] Embed Pods Frameworks */,
			);
			buildRules = (
			);
			dependencies = (
				D8A9E317286A4ED2000ACF9A /* PBXTargetDependency */,
			);
			name = InstagramUITests;
			productName = InstagramUITests;
			productReference = D8A9E315286A4ED2000ACF9A /* InstagramUITests.xctest */;
			productType = "com.apple.product-type.bundle.ui-testing";
		};
/* End PBXNativeTarget section */

/* Begin PBXProject section */
		D8A9E2E8286A4ED1000ACF9A /* Project object */ = {
			isa = PBXProject;
			attributes = {
				BuildIndependentTargetsInParallel = 1;
				LastUpgradeCheck = 1340;
				TargetAttributes = {
					D8A9E2EF286A4ED1000ACF9A = {
						CreatedOnToolsVersion = 13.4;
					};
					D8A9E30A286A4ED2000ACF9A = {
						CreatedOnToolsVersion = 13.4;
						TestTargetID = D8A9E2EF286A4ED1000ACF9A;
					};
					D8A9E314286A4ED2000ACF9A = {
						CreatedOnToolsVersion = 13.4;
						TestTargetID = D8A9E2EF286A4ED1000ACF9A;
					};
				};
			};
			buildConfigurationList = D8A9E2EB286A4ED1000ACF9A /* Build configuration list for PBXProject "Instagram" */;
			compatibilityVersion = "Xcode 13.0";
			developmentRegion = en;
			hasScannedForEncodings = 0;
			knownRegions = (
				en,
				Base,
			);
			mainGroup = D8A9E2E7286A4ED1000ACF9A;
			productRefGroup = D8A9E2F1286A4ED1000ACF9A /* Products */;
			projectDirPath = "";
			projectRoot = "";
			targets = (
				D8A9E2EF286A4ED1000ACF9A /* Instagram */,
				D8A9E30A286A4ED2000ACF9A /* InstagramTests */,
				D8A9E314286A4ED2000ACF9A /* InstagramUITests */,
			);
		};
/* End PBXProject section */

/* Begin PBXResourcesBuildPhase section */
		D8A9E2EE286A4ED1000ACF9A /* Resources */ = {
			isa = PBXResourcesBuildPhase;
			buildActionMask = 2147483647;
			files = (
				D8A9E329286A5096000ACF9A /* Keys.plist in Resources */,
				D8A9E303286A4ED2000ACF9A /* LaunchScreen.storyboard in Resources */,
				D8A9E300286A4ED2000ACF9A /* Assets.xcassets in Resources */,
				D8A9E2FE286A4ED1000ACF9A /* Main.storyboard in Resources */,
			);
			runOnlyForDeploymentPostprocessing = 0;
		};
		D8A9E309286A4ED2000ACF9A /* Resources */ = {
			isa = PBXResourcesBuildPhase;
			buildActionMask = 2147483647;
			files = (
			);
			runOnlyForDeploymentPostprocessing = 0;
		};
		D8A9E313286A4ED2000ACF9A /* Resources */ = {
			isa = PBXResourcesBuildPhase;
			buildActionMask = 2147483647;
			files = (
			);
			runOnlyForDeploymentPostprocessing = 0;
		};
/* End PBXResourcesBuildPhase section */

/* Begin PBXShellScriptBuildPhase section */
		357640A4AF33B7E80E46DF1A /* [CP] Embed Pods Frameworks */ = {
			isa = PBXShellScriptBuildPhase;
			buildActionMask = 2147483647;
			files = (
			);
			inputFileListPaths = (
				"${PODS_ROOT}/Target Support Files/Pods-Instagram/Pods-Instagram-frameworks-${CONFIGURATION}-input-files.xcfilelist",
			);
			name = "[CP] Embed Pods Frameworks";
			outputFileListPaths = (
				"${PODS_ROOT}/Target Support Files/Pods-Instagram/Pods-Instagram-frameworks-${CONFIGURATION}-output-files.xcfilelist",
			);
			runOnlyForDeploymentPostprocessing = 0;
			shellPath = /bin/sh;
			shellScript = "\"${PODS_ROOT}/Target Support Files/Pods-Instagram/Pods-Instagram-frameworks.sh\"\n";
			showEnvVarsInLog = 0;
		};
		44CA93C8A1A221576215920F /* [CP] Check Pods Manifest.lock */ = {
			isa = PBXShellScriptBuildPhase;
			buildActionMask = 2147483647;
			files = (
			);
			inputFileListPaths = (
			);
			inputPaths = (
				"${PODS_PODFILE_DIR_PATH}/Podfile.lock",
				"${PODS_ROOT}/Manifest.lock",
			);
			name = "[CP] Check Pods Manifest.lock";
			outputFileListPaths = (
			);
			outputPaths = (
				"$(DERIVED_FILE_DIR)/Pods-Instagram-checkManifestLockResult.txt",
			);
			runOnlyForDeploymentPostprocessing = 0;
			shellPath = /bin/sh;
			shellScript = "diff \"${PODS_PODFILE_DIR_PATH}/Podfile.lock\" \"${PODS_ROOT}/Manifest.lock\" > /dev/null\nif [ $? != 0 ] ; then\n    # print error to STDERR\n    echo \"error: The sandbox is not in sync with the Podfile.lock. Run 'pod install' or update your CocoaPods installation.\" >&2\n    exit 1\nfi\n# This output is used by Xcode 'outputs' to avoid re-running this script phase.\necho \"SUCCESS\" > \"${SCRIPT_OUTPUT_FILE_0}\"\n";
			showEnvVarsInLog = 0;
		};
		64B4D6974D9248E403756F8E /* [CP] Check Pods Manifest.lock */ = {
			isa = PBXShellScriptBuildPhase;
			buildActionMask = 2147483647;
			files = (
			);
			inputFileListPaths = (
			);
			inputPaths = (
				"${PODS_PODFILE_DIR_PATH}/Podfile.lock",
				"${PODS_ROOT}/Manifest.lock",
			);
			name = "[CP] Check Pods Manifest.lock";
			outputFileListPaths = (
			);
			outputPaths = (
				"$(DERIVED_FILE_DIR)/Pods-InstagramTests-checkManifestLockResult.txt",
			);
			runOnlyForDeploymentPostprocessing = 0;
			shellPath = /bin/sh;
			shellScript = "diff \"${PODS_PODFILE_DIR_PATH}/Podfile.lock\" \"${PODS_ROOT}/Manifest.lock\" > /dev/null\nif [ $? != 0 ] ; then\n    # print error to STDERR\n    echo \"error: The sandbox is not in sync with the Podfile.lock. Run 'pod install' or update your CocoaPods installation.\" >&2\n    exit 1\nfi\n# This output is used by Xcode 'outputs' to avoid re-running this script phase.\necho \"SUCCESS\" > \"${SCRIPT_OUTPUT_FILE_0}\"\n";
			showEnvVarsInLog = 0;
		};
		C1D34ECB8E0AF659431E5806 /* [CP] Embed Pods Frameworks */ = {
			isa = PBXShellScriptBuildPhase;
			buildActionMask = 2147483647;
			files = (
			);
			inputFileListPaths = (
				"${PODS_ROOT}/Target Support Files/Pods-Instagram-InstagramUITests/Pods-Instagram-InstagramUITests-frameworks-${CONFIGURATION}-input-files.xcfilelist",
			);
			name = "[CP] Embed Pods Frameworks";
			outputFileListPaths = (
				"${PODS_ROOT}/Target Support Files/Pods-Instagram-InstagramUITests/Pods-Instagram-InstagramUITests-frameworks-${CONFIGURATION}-output-files.xcfilelist",
			);
			runOnlyForDeploymentPostprocessing = 0;
			shellPath = /bin/sh;
			shellScript = "\"${PODS_ROOT}/Target Support Files/Pods-Instagram-InstagramUITests/Pods-Instagram-InstagramUITests-frameworks.sh\"\n";
			showEnvVarsInLog = 0;
		};
		EBB542DBAC9120D2FF333710 /* [CP] Check Pods Manifest.lock */ = {
			isa = PBXShellScriptBuildPhase;
			buildActionMask = 2147483647;
			files = (
			);
			inputFileListPaths = (
			);
			inputPaths = (
				"${PODS_PODFILE_DIR_PATH}/Podfile.lock",
				"${PODS_ROOT}/Manifest.lock",
			);
			name = "[CP] Check Pods Manifest.lock";
			outputFileListPaths = (
			);
			outputPaths = (
				"$(DERIVED_FILE_DIR)/Pods-Instagram-InstagramUITests-checkManifestLockResult.txt",
			);
			runOnlyForDeploymentPostprocessing = 0;
			shellPath = /bin/sh;
			shellScript = "diff \"${PODS_PODFILE_DIR_PATH}/Podfile.lock\" \"${PODS_ROOT}/Manifest.lock\" > /dev/null\nif [ $? != 0 ] ; then\n    # print error to STDERR\n    echo \"error: The sandbox is not in sync with the Podfile.lock. Run 'pod install' or update your CocoaPods installation.\" >&2\n    exit 1\nfi\n# This output is used by Xcode 'outputs' to avoid re-running this script phase.\necho \"SUCCESS\" > \"${SCRIPT_OUTPUT_FILE_0}\"\n";
			showEnvVarsInLog = 0;
		};
/* End PBXShellScriptBuildPhase section */

/* Begin PBXSourcesBuildPhase section */
		D8A9E2EC286A4ED1000ACF9A /* Sources */ = {
			isa = PBXSourcesBuildPhase;
			buildActionMask = 2147483647;
			files = (
				D8A9E331286A5DE8000ACF9A /* LoginViewController.m in Sources */,
				D8A9E2F5286A4ED1000ACF9A /* AppDelegate.m in Sources */,
				D8A9E306286A4ED2000ACF9A /* main.m in Sources */,
				D8A9E2F8286A4ED1000ACF9A /* SceneDelegate.m in Sources */,
			);
			runOnlyForDeploymentPostprocessing = 0;
		};
		D8A9E307286A4ED2000ACF9A /* Sources */ = {
			isa = PBXSourcesBuildPhase;
			buildActionMask = 2147483647;
			files = (
				D8A9E310286A4ED2000ACF9A /* InstagramTests.m in Sources */,
			);
			runOnlyForDeploymentPostprocessing = 0;
		};
		D8A9E311286A4ED2000ACF9A /* Sources */ = {
			isa = PBXSourcesBuildPhase;
			buildActionMask = 2147483647;
			files = (
				D8A9E31A286A4ED2000ACF9A /* InstagramUITests.m in Sources */,
				D8A9E31C286A4ED2000ACF9A /* InstagramUITestsLaunchTests.m in Sources */,
			);
			runOnlyForDeploymentPostprocessing = 0;
		};
/* End PBXSourcesBuildPhase section */

/* Begin PBXTargetDependency section */
		D8A9E30D286A4ED2000ACF9A /* PBXTargetDependency */ = {
			isa = PBXTargetDependency;
			target = D8A9E2EF286A4ED1000ACF9A /* Instagram */;
			targetProxy = D8A9E30C286A4ED2000ACF9A /* PBXContainerItemProxy */;
		};
		D8A9E317286A4ED2000ACF9A /* PBXTargetDependency */ = {
			isa = PBXTargetDependency;
			target = D8A9E2EF286A4ED1000ACF9A /* Instagram */;
			targetProxy = D8A9E316286A4ED2000ACF9A /* PBXContainerItemProxy */;
		};
/* End PBXTargetDependency section */

/* Begin PBXVariantGroup section */
		D8A9E2FC286A4ED1000ACF9A /* Main.storyboard */ = {
			isa = PBXVariantGroup;
			children = (
				D8A9E2FD286A4ED1000ACF9A /* Base */,
			);
			name = Main.storyboard;
			sourceTree = "<group>";
		};
		D8A9E301286A4ED2000ACF9A /* LaunchScreen.storyboard */ = {
			isa = PBXVariantGroup;
			children = (
				D8A9E302286A4ED2000ACF9A /* Base */,
			);
			name = LaunchScreen.storyboard;
			sourceTree = "<group>";
		};
/* End PBXVariantGroup section */

/* Begin XCBuildConfiguration section */
		D8A9E31D286A4ED2000ACF9A /* Debug */ = {
			isa = XCBuildConfiguration;
			buildSettings = {
				ALWAYS_SEARCH_USER_PATHS = NO;
				CLANG_ANALYZER_NONNULL = YES;
				CLANG_ANALYZER_NUMBER_OBJECT_CONVERSION = YES_AGGRESSIVE;
				CLANG_CXX_LANGUAGE_STANDARD = "gnu++17";
				CLANG_ENABLE_MODULES = YES;
				CLANG_ENABLE_OBJC_ARC = YES;
				CLANG_ENABLE_OBJC_WEAK = YES;
				CLANG_WARN_BLOCK_CAPTURE_AUTORELEASING = YES;
				CLANG_WARN_BOOL_CONVERSION = YES;
				CLANG_WARN_COMMA = YES;
				CLANG_WARN_CONSTANT_CONVERSION = YES;
				CLANG_WARN_DEPRECATED_OBJC_IMPLEMENTATIONS = YES;
				CLANG_WARN_DIRECT_OBJC_ISA_USAGE = YES_ERROR;
				CLANG_WARN_DOCUMENTATION_COMMENTS = YES;
				CLANG_WARN_EMPTY_BODY = YES;
				CLANG_WARN_ENUM_CONVERSION = YES;
				CLANG_WARN_INFINITE_RECURSION = YES;
				CLANG_WARN_INT_CONVERSION = YES;
				CLANG_WARN_NON_LITERAL_NULL_CONVERSION = YES;
				CLANG_WARN_OBJC_IMPLICIT_RETAIN_SELF = YES;
				CLANG_WARN_OBJC_LITERAL_CONVERSION = YES;
				CLANG_WARN_OBJC_ROOT_CLASS = YES_ERROR;
				CLANG_WARN_QUOTED_INCLUDE_IN_FRAMEWORK_HEADER = YES;
				CLANG_WARN_RANGE_LOOP_ANALYSIS = YES;
				CLANG_WARN_STRICT_PROTOTYPES = YES;
				CLANG_WARN_SUSPICIOUS_MOVE = YES;
				CLANG_WARN_UNGUARDED_AVAILABILITY = YES_AGGRESSIVE;
				CLANG_WARN_UNREACHABLE_CODE = YES;
				CLANG_WARN__DUPLICATE_METHOD_MATCH = YES;
				COPY_PHASE_STRIP = NO;
				DEBUG_INFORMATION_FORMAT = dwarf;
				ENABLE_STRICT_OBJC_MSGSEND = YES;
				ENABLE_TESTABILITY = YES;
				GCC_C_LANGUAGE_STANDARD = gnu11;
				GCC_DYNAMIC_NO_PIC = NO;
				GCC_NO_COMMON_BLOCKS = YES;
				GCC_OPTIMIZATION_LEVEL = 0;
				GCC_PREPROCESSOR_DEFINITIONS = (
					"DEBUG=1",
					"$(inherited)",
				);
				GCC_WARN_64_TO_32_BIT_CONVERSION = YES;
				GCC_WARN_ABOUT_RETURN_TYPE = YES_ERROR;
				GCC_WARN_UNDECLARED_SELECTOR = YES;
				GCC_WARN_UNINITIALIZED_AUTOS = YES_AGGRESSIVE;
				GCC_WARN_UNUSED_FUNCTION = YES;
				GCC_WARN_UNUSED_VARIABLE = YES;
				IPHONEOS_DEPLOYMENT_TARGET = 15.5;
				MTL_ENABLE_DEBUG_INFO = INCLUDE_SOURCE;
				MTL_FAST_MATH = YES;
				ONLY_ACTIVE_ARCH = YES;
				SDKROOT = iphoneos;
			};
			name = Debug;
		};
		D8A9E31E286A4ED2000ACF9A /* Release */ = {
			isa = XCBuildConfiguration;
			buildSettings = {
				ALWAYS_SEARCH_USER_PATHS = NO;
				CLANG_ANALYZER_NONNULL = YES;
				CLANG_ANALYZER_NUMBER_OBJECT_CONVERSION = YES_AGGRESSIVE;
				CLANG_CXX_LANGUAGE_STANDARD = "gnu++17";
				CLANG_ENABLE_MODULES = YES;
				CLANG_ENABLE_OBJC_ARC = YES;
				CLANG_ENABLE_OBJC_WEAK = YES;
				CLANG_WARN_BLOCK_CAPTURE_AUTORELEASING = YES;
				CLANG_WARN_BOOL_CONVERSION = YES;
				CLANG_WARN_COMMA = YES;
				CLANG_WARN_CONSTANT_CONVERSION = YES;
				CLANG_WARN_DEPRECATED_OBJC_IMPLEMENTATIONS = YES;
				CLANG_WARN_DIRECT_OBJC_ISA_USAGE = YES_ERROR;
				CLANG_WARN_DOCUMENTATION_COMMENTS = YES;
				CLANG_WARN_EMPTY_BODY = YES;
				CLANG_WARN_ENUM_CONVERSION = YES;
				CLANG_WARN_INFINITE_RECURSION = YES;
				CLANG_WARN_INT_CONVERSION = YES;
				CLANG_WARN_NON_LITERAL_NULL_CONVERSION = YES;
				CLANG_WARN_OBJC_IMPLICIT_RETAIN_SELF = YES;
				CLANG_WARN_OBJC_LITERAL_CONVERSION = YES;
				CLANG_WARN_OBJC_ROOT_CLASS = YES_ERROR;
				CLANG_WARN_QUOTED_INCLUDE_IN_FRAMEWORK_HEADER = YES;
				CLANG_WARN_RANGE_LOOP_ANALYSIS = YES;
				CLANG_WARN_STRICT_PROTOTYPES = YES;
				CLANG_WARN_SUSPICIOUS_MOVE = YES;
				CLANG_WARN_UNGUARDED_AVAILABILITY = YES_AGGRESSIVE;
				CLANG_WARN_UNREACHABLE_CODE = YES;
				CLANG_WARN__DUPLICATE_METHOD_MATCH = YES;
				COPY_PHASE_STRIP = NO;
				DEBUG_INFORMATION_FORMAT = "dwarf-with-dsym";
				ENABLE_NS_ASSERTIONS = NO;
				ENABLE_STRICT_OBJC_MSGSEND = YES;
				GCC_C_LANGUAGE_STANDARD = gnu11;
				GCC_NO_COMMON_BLOCKS = YES;
				GCC_WARN_64_TO_32_BIT_CONVERSION = YES;
				GCC_WARN_ABOUT_RETURN_TYPE = YES_ERROR;
				GCC_WARN_UNDECLARED_SELECTOR = YES;
				GCC_WARN_UNINITIALIZED_AUTOS = YES_AGGRESSIVE;
				GCC_WARN_UNUSED_FUNCTION = YES;
				GCC_WARN_UNUSED_VARIABLE = YES;
				IPHONEOS_DEPLOYMENT_TARGET = 15.5;
				MTL_ENABLE_DEBUG_INFO = NO;
				MTL_FAST_MATH = YES;
				SDKROOT = iphoneos;
				VALIDATE_PRODUCT = YES;
			};
			name = Release;
		};
		D8A9E320286A4ED2000ACF9A /* Debug */ = {
			isa = XCBuildConfiguration;
			baseConfigurationReference = 96FCFC19AF03078BA8E3AB64 /* Pods-Instagram.debug.xcconfig */;
			buildSettings = {
				ASSETCATALOG_COMPILER_APPICON_NAME = AppIcon;
				ASSETCATALOG_COMPILER_GLOBAL_ACCENT_COLOR_NAME = AccentColor;
				CODE_SIGN_STYLE = Automatic;
				CURRENT_PROJECT_VERSION = 1;
				DEVELOPMENT_TEAM = QHGU34F67Y;
				GENERATE_INFOPLIST_FILE = YES;
				INFOPLIST_FILE = Instagram/Info.plist;
				INFOPLIST_KEY_UIApplicationSupportsIndirectInputEvents = YES;
				INFOPLIST_KEY_UILaunchStoryboardName = LaunchScreen;
				INFOPLIST_KEY_UIMainStoryboardFile = Main;
				INFOPLIST_KEY_UISupportedInterfaceOrientations_iPad = "UIInterfaceOrientationPortrait UIInterfaceOrientationPortraitUpsideDown UIInterfaceOrientationLandscapeLeft UIInterfaceOrientationLandscapeRight";
				INFOPLIST_KEY_UISupportedInterfaceOrientations_iPhone = "UIInterfaceOrientationPortrait UIInterfaceOrientationLandscapeLeft UIInterfaceOrientationLandscapeRight";
				LD_RUNPATH_SEARCH_PATHS = (
					"$(inherited)",
					"@executable_path/Frameworks",
				);
				MARKETING_VERSION = 1.0;
				PRODUCT_BUNDLE_IDENTIFIER = com.lilyyang.Instagram;
				PRODUCT_NAME = "$(TARGET_NAME)";
				SWIFT_EMIT_LOC_STRINGS = YES;
				TARGETED_DEVICE_FAMILY = "1,2";
			};
			name = Debug;
		};
		D8A9E321286A4ED2000ACF9A /* Release */ = {
			isa = XCBuildConfiguration;
			baseConfigurationReference = DBB548DD3A51620FBC2F5D22 /* Pods-Instagram.release.xcconfig */;
			buildSettings = {
				ASSETCATALOG_COMPILER_APPICON_NAME = AppIcon;
				ASSETCATALOG_COMPILER_GLOBAL_ACCENT_COLOR_NAME = AccentColor;
				CODE_SIGN_STYLE = Automatic;
				CURRENT_PROJECT_VERSION = 1;
				DEVELOPMENT_TEAM = QHGU34F67Y;
				GENERATE_INFOPLIST_FILE = YES;
				INFOPLIST_FILE = Instagram/Info.plist;
				INFOPLIST_KEY_UIApplicationSupportsIndirectInputEvents = YES;
				INFOPLIST_KEY_UILaunchStoryboardName = LaunchScreen;
				INFOPLIST_KEY_UIMainStoryboardFile = Main;
				INFOPLIST_KEY_UISupportedInterfaceOrientations_iPad = "UIInterfaceOrientationPortrait UIInterfaceOrientationPortraitUpsideDown UIInterfaceOrientationLandscapeLeft UIInterfaceOrientationLandscapeRight";
				INFOPLIST_KEY_UISupportedInterfaceOrientations_iPhone = "UIInterfaceOrientationPortrait UIInterfaceOrientationLandscapeLeft UIInterfaceOrientationLandscapeRight";
				LD_RUNPATH_SEARCH_PATHS = (
					"$(inherited)",
					"@executable_path/Frameworks",
				);
				MARKETING_VERSION = 1.0;
				PRODUCT_BUNDLE_IDENTIFIER = com.lilyyang.Instagram;
				PRODUCT_NAME = "$(TARGET_NAME)";
				SWIFT_EMIT_LOC_STRINGS = YES;
				TARGETED_DEVICE_FAMILY = "1,2";
			};
			name = Release;
		};
		D8A9E323286A4ED2000ACF9A /* Debug */ = {
			isa = XCBuildConfiguration;
			baseConfigurationReference = EC9B88EFAFF40D795EEA63BA /* Pods-InstagramTests.debug.xcconfig */;
			buildSettings = {
				BUNDLE_LOADER = "$(TEST_HOST)";
				CODE_SIGN_STYLE = Automatic;
				CURRENT_PROJECT_VERSION = 1;
				DEVELOPMENT_TEAM = QHGU34F67Y;
				GENERATE_INFOPLIST_FILE = YES;
				IPHONEOS_DEPLOYMENT_TARGET = 15.5;
				MARKETING_VERSION = 1.0;
				PRODUCT_BUNDLE_IDENTIFIER = com.lilyyang.InstagramTests;
				PRODUCT_NAME = "$(TARGET_NAME)";
				SWIFT_EMIT_LOC_STRINGS = NO;
				TARGETED_DEVICE_FAMILY = "1,2";
				TEST_HOST = "$(BUILT_PRODUCTS_DIR)/Instagram.app/Instagram";
			};
			name = Debug;
		};
		D8A9E324286A4ED2000ACF9A /* Release */ = {
			isa = XCBuildConfiguration;
			baseConfigurationReference = F51C8B67D45436A43C86E3C5 /* Pods-InstagramTests.release.xcconfig */;
			buildSettings = {
				BUNDLE_LOADER = "$(TEST_HOST)";
				CODE_SIGN_STYLE = Automatic;
				CURRENT_PROJECT_VERSION = 1;
				DEVELOPMENT_TEAM = QHGU34F67Y;
				GENERATE_INFOPLIST_FILE = YES;
				IPHONEOS_DEPLOYMENT_TARGET = 15.5;
				MARKETING_VERSION = 1.0;
				PRODUCT_BUNDLE_IDENTIFIER = com.lilyyang.InstagramTests;
				PRODUCT_NAME = "$(TARGET_NAME)";
				SWIFT_EMIT_LOC_STRINGS = NO;
				TARGETED_DEVICE_FAMILY = "1,2";
				TEST_HOST = "$(BUILT_PRODUCTS_DIR)/Instagram.app/Instagram";
			};
			name = Release;
		};
		D8A9E326286A4ED2000ACF9A /* Debug */ = {
			isa = XCBuildConfiguration;
			baseConfigurationReference = E480D1C7E256CF4F608326DD /* Pods-Instagram-InstagramUITests.debug.xcconfig */;
			buildSettings = {
				CODE_SIGN_STYLE = Automatic;
				CURRENT_PROJECT_VERSION = 1;
				DEVELOPMENT_TEAM = QHGU34F67Y;
				GENERATE_INFOPLIST_FILE = YES;
				MARKETING_VERSION = 1.0;
				PRODUCT_BUNDLE_IDENTIFIER = com.lilyyang.InstagramUITests;
				PRODUCT_NAME = "$(TARGET_NAME)";
				SWIFT_EMIT_LOC_STRINGS = NO;
				TARGETED_DEVICE_FAMILY = "1,2";
				TEST_TARGET_NAME = Instagram;
			};
			name = Debug;
		};
		D8A9E327286A4ED2000ACF9A /* Release */ = {
			isa = XCBuildConfiguration;
			baseConfigurationReference = 056B69160F014A2E4AD7F74D /* Pods-Instagram-InstagramUITests.release.xcconfig */;
			buildSettings = {
				CODE_SIGN_STYLE = Automatic;
				CURRENT_PROJECT_VERSION = 1;
				DEVELOPMENT_TEAM = QHGU34F67Y;
				GENERATE_INFOPLIST_FILE = YES;
				MARKETING_VERSION = 1.0;
				PRODUCT_BUNDLE_IDENTIFIER = com.lilyyang.InstagramUITests;
				PRODUCT_NAME = "$(TARGET_NAME)";
				SWIFT_EMIT_LOC_STRINGS = NO;
				TARGETED_DEVICE_FAMILY = "1,2";
				TEST_TARGET_NAME = Instagram;
			};
			name = Release;
		};
/* End XCBuildConfiguration section */

/* Begin XCConfigurationList section */
		D8A9E2EB286A4ED1000ACF9A /* Build configuration list for PBXProject "Instagram" */ = {
			isa = XCConfigurationList;
			buildConfigurations = (
				D8A9E31D286A4ED2000ACF9A /* Debug */,
				D8A9E31E286A4ED2000ACF9A /* Release */,
			);
			defaultConfigurationIsVisible = 0;
			defaultConfigurationName = Release;
		};
		D8A9E31F286A4ED2000ACF9A /* Build configuration list for PBXNativeTarget "Instagram" */ = {
			isa = XCConfigurationList;
			buildConfigurations = (
				D8A9E320286A4ED2000ACF9A /* Debug */,
				D8A9E321286A4ED2000ACF9A /* Release */,
			);
			defaultConfigurationIsVisible = 0;
			defaultConfigurationName = Release;
		};
		D8A9E322286A4ED2000ACF9A /* Build configuration list for PBXNativeTarget "InstagramTests" */ = {
			isa = XCConfigurationList;
			buildConfigurations = (
				D8A9E323286A4ED2000ACF9A /* Debug */,
				D8A9E324286A4ED2000ACF9A /* Release */,
			);
			defaultConfigurationIsVisible = 0;
			defaultConfigurationName = Release;
		};
		D8A9E325286A4ED2000ACF9A /* Build configuration list for PBXNativeTarget "InstagramUITests" */ = {
			isa = XCConfigurationList;
			buildConfigurations = (
				D8A9E326286A4ED2000ACF9A /* Debug */,
				D8A9E327286A4ED2000ACF9A /* Release */,
			);
			defaultConfigurationIsVisible = 0;
			defaultConfigurationName = Release;
		};
/* End XCConfigurationList section */
	};
	rootObject = D8A9E2E8286A4ED1000ACF9A /* Project object */;
}
